// !$*UTF8*$!
{
	archiveVersion = 1;
	classes = {
	};
	objectVersion = 51;
	objects = {

/* Begin PBXBuildFile section */
		50F2452A1079C94CC3773C5D /* Pods_TestCHGAdapterSwiftTests.framework in Frameworks */ = {isa = PBXBuildFile; fileRef = 13C892BB9B9C4254E1DFC1DE /* Pods_TestCHGAdapterSwiftTests.framework */; };
		D0647508BAEECE6D23304229 /* Pods_TestCHGAdapterSwift.framework in Frameworks */ = {isa = PBXBuildFile; fileRef = AE98CEB69D3A2EC2F4A3A0AF /* Pods_TestCHGAdapterSwift.framework */; };
		E5D529D4A73CBFC9E5ED4663 /* Pods_TestCHGAdapterSwift_TestCHGAdapterSwiftUITests.framework in Frameworks */ = {isa = PBXBuildFile; fileRef = 649C9CBCC52BC6BB9B7B886B /* Pods_TestCHGAdapterSwift_TestCHGAdapterSwiftUITests.framework */; };
		E94D053C257DFD9A0020253A /* TCMineInfoBean.swift in Sources */ = {isa = PBXBuildFile; fileRef = E94D053B257DFD9A0020253A /* TCMineInfoBean.swift */; };
		E94D0542257E08BE0020253A /* TCTTModel.swift in Sources */ = {isa = PBXBuildFile; fileRef = E94D0541257E08BE0020253A /* TCTTModel.swift */; };
		E94D0557257E293F0020253A /* TCMainViewController.swift in Sources */ = {isa = PBXBuildFile; fileRef = E94D0556257E293F0020253A /* TCMainViewController.swift */; };
		E96CB36E25760754006EBF8B /* AppDelegate.swift in Sources */ = {isa = PBXBuildFile; fileRef = E96CB36D25760754006EBF8B /* AppDelegate.swift */; };
		E96CB37225760754006EBF8B /* ViewController.swift in Sources */ = {isa = PBXBuildFile; fileRef = E96CB37125760754006EBF8B /* ViewController.swift */; };
		E96CB37525760754006EBF8B /* Main.storyboard in Resources */ = {isa = PBXBuildFile; fileRef = E96CB37325760754006EBF8B /* Main.storyboard */; };
		E96CB37825760754006EBF8B /* TestCHGAdapterSwift.xcdatamodeld in Sources */ = {isa = PBXBuildFile; fileRef = E96CB37625760754006EBF8B /* TestCHGAdapterSwift.xcdatamodeld */; };
		E96CB37A25760756006EBF8B /* Assets.xcassets in Resources */ = {isa = PBXBuildFile; fileRef = E96CB37925760756006EBF8B /* Assets.xcassets */; };
		E96CB37D25760756006EBF8B /* LaunchScreen.storyboard in Resources */ = {isa = PBXBuildFile; fileRef = E96CB37B25760756006EBF8B /* LaunchScreen.storyboard */; };
		E96CB38825760757006EBF8B /* TestCHGAdapterSwiftTests.swift in Sources */ = {isa = PBXBuildFile; fileRef = E96CB38725760757006EBF8B /* TestCHGAdapterSwiftTests.swift */; };
		E96CB39325760757006EBF8B /* TestCHGAdapterSwiftUITests.swift in Sources */ = {isa = PBXBuildFile; fileRef = E96CB39225760757006EBF8B /* TestCHGAdapterSwiftUITests.swift */; };
		E96CB3AA25760AA9006EBF8B /* Global.swift in Sources */ = {isa = PBXBuildFile; fileRef = E96CB3A925760AA9006EBF8B /* Global.swift */; };
		E96CB3C325760D0E006EBF8B /* TCBaseViewController.swift in Sources */ = {isa = PBXBuildFile; fileRef = E96CB3C225760D0E006EBF8B /* TCBaseViewController.swift */; };
		E96CB3C825760D1E006EBF8B /* TCTableViewController.swift in Sources */ = {isa = PBXBuildFile; fileRef = E96CB3C725760D1E006EBF8B /* TCTableViewController.swift */; };
		E96CB3CD25760D31006EBF8B /* TCMenuListController.swift in Sources */ = {isa = PBXBuildFile; fileRef = E96CB3CC25760D31006EBF8B /* TCMenuListController.swift */; };
		E96CB3D225760E6C006EBF8B /* TCMenuModel.swift in Sources */ = {isa = PBXBuildFile; fileRef = E96CB3D125760E6C006EBF8B /* TCMenuModel.swift */; };
		E96CB3D725760FAC006EBF8B /* TCMenuTableCell.swift in Sources */ = {isa = PBXBuildFile; fileRef = E96CB3D625760FAC006EBF8B /* TCMenuTableCell.swift */; };
		E96CB3DC2576120E006EBF8B /* TCBaseNavigationController.swift in Sources */ = {isa = PBXBuildFile; fileRef = E96CB3DB2576120E006EBF8B /* TCBaseNavigationController.swift */; };
		E96CB3EF257629B7006EBF8B /* TCServiceUrl.swift in Sources */ = {isa = PBXBuildFile; fileRef = E96CB3EE257629B7006EBF8B /* TCServiceUrl.swift */; };
		E96CB3F725762AEA006EBF8B /* TCService.swift in Sources */ = {isa = PBXBuildFile; fileRef = E96CB3F625762AEA006EBF8B /* TCService.swift */; };
		E96CB3FC25762E62006EBF8B /* TCUtility.swift in Sources */ = {isa = PBXBuildFile; fileRef = E96CB3FB25762E62006EBF8B /* TCUtility.swift */; };
		E96CB41F25772F6D006EBF8B /* TCIpModel.swift in Sources */ = {isa = PBXBuildFile; fileRef = E96CB41E25772F6D006EBF8B /* TCIpModel.swift */; };
		E96CB42E25775BAC006EBF8B /* TCPrivacyModel.swift in Sources */ = {isa = PBXBuildFile; fileRef = E96CB42D25775BAC006EBF8B /* TCPrivacyModel.swift */; };
		E96CB43525775C9B006EBF8B /* TCBaseParams.swift in Sources */ = {isa = PBXBuildFile; fileRef = E96CB43425775C9B006EBF8B /* TCBaseParams.swift */; };
		E96CB44725775EBE006EBF8B /* TCDataWraper.swift in Sources */ = {isa = PBXBuildFile; fileRef = E96CB44625775EBE006EBF8B /* TCDataWraper.swift */; };
		E96CB45225777C9B006EBF8B /* TCNullParams.swift in Sources */ = {isa = PBXBuildFile; fileRef = E96CB45125777C9B006EBF8B /* TCNullParams.swift */; };
		E96CB45C2578745A006EBF8B /* TCLoginViewController.swift in Sources */ = {isa = PBXBuildFile; fileRef = E96CB45B2578745A006EBF8B /* TCLoginViewController.swift */; };
		E96CB46525787535006EBF8B /* TCAButton.swift in Sources */ = {isa = PBXBuildFile; fileRef = E96CB46425787535006EBF8B /* TCAButton.swift */; };
		E96CB475257893D2006EBF8B /* TCUserManager.swift in Sources */ = {isa = PBXBuildFile; fileRef = E96CB474257893D2006EBF8B /* TCUserManager.swift */; };
		E96CB47E25789429006EBF8B /* TCUserModel.swift in Sources */ = {isa = PBXBuildFile; fileRef = E96CB47D25789429006EBF8B /* TCUserModel.swift */; };
		E96CB4862578B81E006EBF8B /* TCCountryManager.swift in Sources */ = {isa = PBXBuildFile; fileRef = E96CB4852578B81E006EBF8B /* TCCountryManager.swift */; };
		E96CB48C2578B8E2006EBF8B /* TCCountryFlagView.swift in Sources */ = {isa = PBXBuildFile; fileRef = E96CB48B2578B8E2006EBF8B /* TCCountryFlagView.swift */; };
		E96CB4AD2578CAA7006EBF8B /* NSExt.swift in Sources */ = {isa = PBXBuildFile; fileRef = E96CB4AC2578CAA7006EBF8B /* NSExt.swift */; };
		E96CB4B22578CD1F006EBF8B /* SwiftExt.swift in Sources */ = {isa = PBXBuildFile; fileRef = E96CB4B12578CD1F006EBF8B /* SwiftExt.swift */; };
		E96CB4B72578D6C0006EBF8B /* TCVerifyCodeController.swift in Sources */ = {isa = PBXBuildFile; fileRef = E96CB4B62578D6C0006EBF8B /* TCVerifyCodeController.swift */; };
		E96CB4BC2578D719006EBF8B /* UIExt.swift in Sources */ = {isa = PBXBuildFile; fileRef = E96CB4BB2578D719006EBF8B /* UIExt.swift */; };
		E96CB4C42578DBF1006EBF8B /* TCUserAgreementView.swift in Sources */ = {isa = PBXBuildFile; fileRef = E96CB4C32578DBF1006EBF8B /* TCUserAgreementView.swift */; };
		E96CB4CC2578E073006EBF8B /* TCLoginBaseController.swift in Sources */ = {isa = PBXBuildFile; fileRef = E96CB4CB2578E073006EBF8B /* TCLoginBaseController.swift */; };
		E96CB4ED2579C951006EBF8B /* TCBaseModel.swift in Sources */ = {isa = PBXBuildFile; fileRef = E96CB4EC2579C951006EBF8B /* TCBaseModel.swift */; };
		E96CB4F42579CEB1006EBF8B /* TCLoginBean.swift in Sources */ = {isa = PBXBuildFile; fileRef = E96CB4F32579CEB1006EBF8B /* TCLoginBean.swift */; };
		E96CB4FE2579FBBA006EBF8B /* TCVerificationModel.swift in Sources */ = {isa = PBXBuildFile; fileRef = E96CB4FD2579FBBA006EBF8B /* TCVerificationModel.swift */; };
		E96CB5032579FBEB006EBF8B /* TCNullModel.swift in Sources */ = {isa = PBXBuildFile; fileRef = E96CB5022579FBEB006EBF8B /* TCNullModel.swift */; };
		E96CB521257A0535006EBF8B /* TCAlertUtil.swift in Sources */ = {isa = PBXBuildFile; fileRef = E96CB520257A0535006EBF8B /* TCAlertUtil.swift */; };
		E96CB52D257A316B006EBF8B /* TCControllerRouter.swift in Sources */ = {isa = PBXBuildFile; fileRef = E96CB52C257A316B006EBF8B /* TCControllerRouter.swift */; };
		E9706E5C257F2C6400B63362 /* TCFriendListController.swift in Sources */ = {isa = PBXBuildFile; fileRef = E9706E5B257F2C6400B63362 /* TCFriendListController.swift */; };
		E9706E65257F2C8300B63362 /* TCMessageListController.swift in Sources */ = {isa = PBXBuildFile; fileRef = E9706E64257F2C8300B63362 /* TCMessageListController.swift */; };
		E9706E6C257F47D700B63362 /* TCFriendListBean.swift in Sources */ = {isa = PBXBuildFile; fileRef = E9706E6B257F47D700B63362 /* TCFriendListBean.swift */; };
		E9706E74257F486100B63362 /* TCFriendModel.swift in Sources */ = {isa = PBXBuildFile; fileRef = E9706E73257F486100B63362 /* TCFriendModel.swift */; };
		E9706E88257F6BA500B63362 /* TCBaseTableCell.swift in Sources */ = {isa = PBXBuildFile; fileRef = E9706E87257F6BA500B63362 /* TCBaseTableCell.swift */; };
		E9706E8D257F6BC100B63362 /* TCFriendListCell.swift in Sources */ = {isa = PBXBuildFile; fileRef = E9706E8C257F6BC100B63362 /* TCFriendListCell.swift */; };
/* End PBXBuildFile section */

/* Begin PBXContainerItemProxy section */
		E96CB38425760757006EBF8B /* PBXContainerItemProxy */ = {
			isa = PBXContainerItemProxy;
			containerPortal = E96CB36225760754006EBF8B /* Project object */;
			proxyType = 1;
			remoteGlobalIDString = E96CB36925760754006EBF8B;
			remoteInfo = TestCHGAdapterSwift;
		};
		E96CB38F25760757006EBF8B /* PBXContainerItemProxy */ = {
			isa = PBXContainerItemProxy;
			containerPortal = E96CB36225760754006EBF8B /* Project object */;
			proxyType = 1;
			remoteGlobalIDString = E96CB36925760754006EBF8B;
			remoteInfo = TestCHGAdapterSwift;
		};
/* End PBXContainerItemProxy section */

/* Begin PBXFileReference section */
		13C892BB9B9C4254E1DFC1DE /* Pods_TestCHGAdapterSwiftTests.framework */ = {isa = PBXFileReference; explicitFileType = wrapper.framework; includeInIndex = 0; path = Pods_TestCHGAdapterSwiftTests.framework; sourceTree = BUILT_PRODUCTS_DIR; };
		42CE9328D341554A7F374AA7 /* Pods-TestCHGAdapterSwift-TestCHGAdapterSwiftUITests.debug.xcconfig */ = {isa = PBXFileReference; includeInIndex = 1; lastKnownFileType = text.xcconfig; name = "Pods-TestCHGAdapterSwift-TestCHGAdapterSwiftUITests.debug.xcconfig"; path = "Target Support Files/Pods-TestCHGAdapterSwift-TestCHGAdapterSwiftUITests/Pods-TestCHGAdapterSwift-TestCHGAdapterSwiftUITests.debug.xcconfig"; sourceTree = "<group>"; };
		573E7F1446DA4675A0EA0431 /* Pods-TestCHGAdapterSwift.release.xcconfig */ = {isa = PBXFileReference; includeInIndex = 1; lastKnownFileType = text.xcconfig; name = "Pods-TestCHGAdapterSwift.release.xcconfig"; path = "Target Support Files/Pods-TestCHGAdapterSwift/Pods-TestCHGAdapterSwift.release.xcconfig"; sourceTree = "<group>"; };
		60A091D813FA03F264068334 /* Pods-TestCHGAdapterSwiftTests.release.xcconfig */ = {isa = PBXFileReference; includeInIndex = 1; lastKnownFileType = text.xcconfig; name = "Pods-TestCHGAdapterSwiftTests.release.xcconfig"; path = "Target Support Files/Pods-TestCHGAdapterSwiftTests/Pods-TestCHGAdapterSwiftTests.release.xcconfig"; sourceTree = "<group>"; };
		649C9CBCC52BC6BB9B7B886B /* Pods_TestCHGAdapterSwift_TestCHGAdapterSwiftUITests.framework */ = {isa = PBXFileReference; explicitFileType = wrapper.framework; includeInIndex = 0; path = Pods_TestCHGAdapterSwift_TestCHGAdapterSwiftUITests.framework; sourceTree = BUILT_PRODUCTS_DIR; };
		AADF3B9880A1BF38F348111F /* Pods-TestCHGAdapterSwift.debug.xcconfig */ = {isa = PBXFileReference; includeInIndex = 1; lastKnownFileType = text.xcconfig; name = "Pods-TestCHGAdapterSwift.debug.xcconfig"; path = "Target Support Files/Pods-TestCHGAdapterSwift/Pods-TestCHGAdapterSwift.debug.xcconfig"; sourceTree = "<group>"; };
		AE98CEB69D3A2EC2F4A3A0AF /* Pods_TestCHGAdapterSwift.framework */ = {isa = PBXFileReference; explicitFileType = wrapper.framework; includeInIndex = 0; path = Pods_TestCHGAdapterSwift.framework; sourceTree = BUILT_PRODUCTS_DIR; };
		D58456EDB7F17270E0FBFDFA /* Pods-TestCHGAdapterSwift-TestCHGAdapterSwiftUITests.release.xcconfig */ = {isa = PBXFileReference; includeInIndex = 1; lastKnownFileType = text.xcconfig; name = "Pods-TestCHGAdapterSwift-TestCHGAdapterSwiftUITests.release.xcconfig"; path = "Target Support Files/Pods-TestCHGAdapterSwift-TestCHGAdapterSwiftUITests/Pods-TestCHGAdapterSwift-TestCHGAdapterSwiftUITests.release.xcconfig"; sourceTree = "<group>"; };
		D5D247B22E59BC6776C3558B /* Pods-TestCHGAdapterSwiftTests.debug.xcconfig */ = {isa = PBXFileReference; includeInIndex = 1; lastKnownFileType = text.xcconfig; name = "Pods-TestCHGAdapterSwiftTests.debug.xcconfig"; path = "Target Support Files/Pods-TestCHGAdapterSwiftTests/Pods-TestCHGAdapterSwiftTests.debug.xcconfig"; sourceTree = "<group>"; };
		E94D053B257DFD9A0020253A /* TCMineInfoBean.swift */ = {isa = PBXFileReference; lastKnownFileType = sourcecode.swift; path = TCMineInfoBean.swift; sourceTree = "<group>"; };
		E94D0541257E08BE0020253A /* TCTTModel.swift */ = {isa = PBXFileReference; lastKnownFileType = sourcecode.swift; path = TCTTModel.swift; sourceTree = "<group>"; };
		E94D0556257E293F0020253A /* TCMainViewController.swift */ = {isa = PBXFileReference; lastKnownFileType = sourcecode.swift; path = TCMainViewController.swift; sourceTree = "<group>"; };
		E96CB36A25760754006EBF8B /* TestCHGAdapterSwift.app */ = {isa = PBXFileReference; explicitFileType = wrapper.application; includeInIndex = 0; path = TestCHGAdapterSwift.app; sourceTree = BUILT_PRODUCTS_DIR; };
		E96CB36D25760754006EBF8B /* AppDelegate.swift */ = {isa = PBXFileReference; lastKnownFileType = sourcecode.swift; path = AppDelegate.swift; sourceTree = "<group>"; };
		E96CB37125760754006EBF8B /* ViewController.swift */ = {isa = PBXFileReference; lastKnownFileType = sourcecode.swift; path = ViewController.swift; sourceTree = "<group>"; };
		E96CB37425760754006EBF8B /* Base */ = {isa = PBXFileReference; lastKnownFileType = file.storyboard; name = Base; path = Base.lproj/Main.storyboard; sourceTree = "<group>"; };
		E96CB37725760754006EBF8B /* TestCHGAdapterSwift.xcdatamodel */ = {isa = PBXFileReference; lastKnownFileType = wrapper.xcdatamodel; path = TestCHGAdapterSwift.xcdatamodel; sourceTree = "<group>"; };
		E96CB37925760756006EBF8B /* Assets.xcassets */ = {isa = PBXFileReference; lastKnownFileType = folder.assetcatalog; path = Assets.xcassets; sourceTree = "<group>"; };
		E96CB37C25760756006EBF8B /* Base */ = {isa = PBXFileReference; lastKnownFileType = file.storyboard; name = Base; path = Base.lproj/LaunchScreen.storyboard; sourceTree = "<group>"; };
		E96CB37E25760756006EBF8B /* Info.plist */ = {isa = PBXFileReference; lastKnownFileType = text.plist.xml; path = Info.plist; sourceTree = "<group>"; };
		E96CB38325760757006EBF8B /* TestCHGAdapterSwiftTests.xctest */ = {isa = PBXFileReference; explicitFileType = wrapper.cfbundle; includeInIndex = 0; path = TestCHGAdapterSwiftTests.xctest; sourceTree = BUILT_PRODUCTS_DIR; };
		E96CB38725760757006EBF8B /* TestCHGAdapterSwiftTests.swift */ = {isa = PBXFileReference; lastKnownFileType = sourcecode.swift; path = TestCHGAdapterSwiftTests.swift; sourceTree = "<group>"; };
		E96CB38925760757006EBF8B /* Info.plist */ = {isa = PBXFileReference; lastKnownFileType = text.plist.xml; path = Info.plist; sourceTree = "<group>"; };
		E96CB38E25760757006EBF8B /* TestCHGAdapterSwiftUITests.xctest */ = {isa = PBXFileReference; explicitFileType = wrapper.cfbundle; includeInIndex = 0; path = TestCHGAdapterSwiftUITests.xctest; sourceTree = BUILT_PRODUCTS_DIR; };
		E96CB39225760757006EBF8B /* TestCHGAdapterSwiftUITests.swift */ = {isa = PBXFileReference; lastKnownFileType = sourcecode.swift; path = TestCHGAdapterSwiftUITests.swift; sourceTree = "<group>"; };
		E96CB39425760757006EBF8B /* Info.plist */ = {isa = PBXFileReference; lastKnownFileType = text.plist.xml; path = Info.plist; sourceTree = "<group>"; };
		E96CB3A925760AA9006EBF8B /* Global.swift */ = {isa = PBXFileReference; lastKnownFileType = sourcecode.swift; path = Global.swift; sourceTree = "<group>"; };
		E96CB3C225760D0E006EBF8B /* TCBaseViewController.swift */ = {isa = PBXFileReference; lastKnownFileType = sourcecode.swift; path = TCBaseViewController.swift; sourceTree = "<group>"; };
		E96CB3C725760D1E006EBF8B /* TCTableViewController.swift */ = {isa = PBXFileReference; lastKnownFileType = sourcecode.swift; path = TCTableViewController.swift; sourceTree = "<group>"; };
		E96CB3CC25760D31006EBF8B /* TCMenuListController.swift */ = {isa = PBXFileReference; lastKnownFileType = sourcecode.swift; path = TCMenuListController.swift; sourceTree = "<group>"; };
		E96CB3D125760E6C006EBF8B /* TCMenuModel.swift */ = {isa = PBXFileReference; lastKnownFileType = sourcecode.swift; path = TCMenuModel.swift; sourceTree = "<group>"; };
		E96CB3D625760FAC006EBF8B /* TCMenuTableCell.swift */ = {isa = PBXFileReference; lastKnownFileType = sourcecode.swift; path = TCMenuTableCell.swift; sourceTree = "<group>"; };
		E96CB3DB2576120E006EBF8B /* TCBaseNavigationController.swift */ = {isa = PBXFileReference; lastKnownFileType = sourcecode.swift; path = TCBaseNavigationController.swift; sourceTree = "<group>"; };
		E96CB3EE257629B7006EBF8B /* TCServiceUrl.swift */ = {isa = PBXFileReference; lastKnownFileType = sourcecode.swift; path = TCServiceUrl.swift; sourceTree = "<group>"; };
		E96CB3F625762AEA006EBF8B /* TCService.swift */ = {isa = PBXFileReference; lastKnownFileType = sourcecode.swift; path = TCService.swift; sourceTree = "<group>"; };
		E96CB3FB25762E62006EBF8B /* TCUtility.swift */ = {isa = PBXFileReference; lastKnownFileType = sourcecode.swift; path = TCUtility.swift; sourceTree = "<group>"; };
		E96CB41E25772F6D006EBF8B /* TCIpModel.swift */ = {isa = PBXFileReference; lastKnownFileType = sourcecode.swift; path = TCIpModel.swift; sourceTree = "<group>"; };
		E96CB42D25775BAC006EBF8B /* TCPrivacyModel.swift */ = {isa = PBXFileReference; lastKnownFileType = sourcecode.swift; path = TCPrivacyModel.swift; sourceTree = "<group>"; };
		E96CB43425775C9B006EBF8B /* TCBaseParams.swift */ = {isa = PBXFileReference; lastKnownFileType = sourcecode.swift; path = TCBaseParams.swift; sourceTree = "<group>"; };
		E96CB44625775EBE006EBF8B /* TCDataWraper.swift */ = {isa = PBXFileReference; lastKnownFileType = sourcecode.swift; path = TCDataWraper.swift; sourceTree = "<group>"; };
		E96CB45125777C9B006EBF8B /* TCNullParams.swift */ = {isa = PBXFileReference; lastKnownFileType = sourcecode.swift; path = TCNullParams.swift; sourceTree = "<group>"; };
		E96CB45B2578745A006EBF8B /* TCLoginViewController.swift */ = {isa = PBXFileReference; lastKnownFileType = sourcecode.swift; path = TCLoginViewController.swift; sourceTree = "<group>"; };
		E96CB46425787535006EBF8B /* TCAButton.swift */ = {isa = PBXFileReference; lastKnownFileType = sourcecode.swift; path = TCAButton.swift; sourceTree = "<group>"; };
		E96CB474257893D2006EBF8B /* TCUserManager.swift */ = {isa = PBXFileReference; lastKnownFileType = sourcecode.swift; path = TCUserManager.swift; sourceTree = "<group>"; };
		E96CB47D25789429006EBF8B /* TCUserModel.swift */ = {isa = PBXFileReference; lastKnownFileType = sourcecode.swift; path = TCUserModel.swift; sourceTree = "<group>"; };
		E96CB4852578B81E006EBF8B /* TCCountryManager.swift */ = {isa = PBXFileReference; lastKnownFileType = sourcecode.swift; path = TCCountryManager.swift; sourceTree = "<group>"; };
		E96CB48B2578B8E2006EBF8B /* TCCountryFlagView.swift */ = {isa = PBXFileReference; lastKnownFileType = sourcecode.swift; path = TCCountryFlagView.swift; sourceTree = "<group>"; };
		E96CB4AC2578CAA7006EBF8B /* NSExt.swift */ = {isa = PBXFileReference; lastKnownFileType = sourcecode.swift; path = NSExt.swift; sourceTree = "<group>"; };
		E96CB4B12578CD1F006EBF8B /* SwiftExt.swift */ = {isa = PBXFileReference; lastKnownFileType = sourcecode.swift; path = SwiftExt.swift; sourceTree = "<group>"; };
		E96CB4B62578D6C0006EBF8B /* TCVerifyCodeController.swift */ = {isa = PBXFileReference; lastKnownFileType = sourcecode.swift; path = TCVerifyCodeController.swift; sourceTree = "<group>"; };
		E96CB4BB2578D719006EBF8B /* UIExt.swift */ = {isa = PBXFileReference; lastKnownFileType = sourcecode.swift; path = UIExt.swift; sourceTree = "<group>"; };
		E96CB4C32578DBF1006EBF8B /* TCUserAgreementView.swift */ = {isa = PBXFileReference; lastKnownFileType = sourcecode.swift; path = TCUserAgreementView.swift; sourceTree = "<group>"; };
		E96CB4CB2578E073006EBF8B /* TCLoginBaseController.swift */ = {isa = PBXFileReference; lastKnownFileType = sourcecode.swift; path = TCLoginBaseController.swift; sourceTree = "<group>"; };
		E96CB4EC2579C951006EBF8B /* TCBaseModel.swift */ = {isa = PBXFileReference; lastKnownFileType = sourcecode.swift; path = TCBaseModel.swift; sourceTree = "<group>"; };
		E96CB4F32579CEB1006EBF8B /* TCLoginBean.swift */ = {isa = PBXFileReference; lastKnownFileType = sourcecode.swift; path = TCLoginBean.swift; sourceTree = "<group>"; };
		E96CB4FD2579FBBA006EBF8B /* TCVerificationModel.swift */ = {isa = PBXFileReference; lastKnownFileType = sourcecode.swift; path = TCVerificationModel.swift; sourceTree = "<group>"; };
		E96CB5022579FBEB006EBF8B /* TCNullModel.swift */ = {isa = PBXFileReference; lastKnownFileType = sourcecode.swift; path = TCNullModel.swift; sourceTree = "<group>"; };
		E96CB520257A0535006EBF8B /* TCAlertUtil.swift */ = {isa = PBXFileReference; lastKnownFileType = sourcecode.swift; path = TCAlertUtil.swift; sourceTree = "<group>"; };
		E96CB52C257A316B006EBF8B /* TCControllerRouter.swift */ = {isa = PBXFileReference; lastKnownFileType = sourcecode.swift; path = TCControllerRouter.swift; sourceTree = "<group>"; };
		E9706E5B257F2C6400B63362 /* TCFriendListController.swift */ = {isa = PBXFileReference; lastKnownFileType = sourcecode.swift; path = TCFriendListController.swift; sourceTree = "<group>"; };
		E9706E64257F2C8300B63362 /* TCMessageListController.swift */ = {isa = PBXFileReference; lastKnownFileType = sourcecode.swift; path = TCMessageListController.swift; sourceTree = "<group>"; };
		E9706E6B257F47D700B63362 /* TCFriendListBean.swift */ = {isa = PBXFileReference; lastKnownFileType = sourcecode.swift; path = TCFriendListBean.swift; sourceTree = "<group>"; };
		E9706E73257F486100B63362 /* TCFriendModel.swift */ = {isa = PBXFileReference; lastKnownFileType = sourcecode.swift; path = TCFriendModel.swift; sourceTree = "<group>"; };
		E9706E87257F6BA500B63362 /* TCBaseTableCell.swift */ = {isa = PBXFileReference; lastKnownFileType = sourcecode.swift; path = TCBaseTableCell.swift; sourceTree = "<group>"; };
		E9706E8C257F6BC100B63362 /* TCFriendListCell.swift */ = {isa = PBXFileReference; lastKnownFileType = sourcecode.swift; path = TCFriendListCell.swift; sourceTree = "<group>"; };
/* End PBXFileReference section */

/* Begin PBXFrameworksBuildPhase section */
		E96CB36725760754006EBF8B /* Frameworks */ = {
			isa = PBXFrameworksBuildPhase;
			buildActionMask = 2147483647;
			files = (
				D0647508BAEECE6D23304229 /* Pods_TestCHGAdapterSwift.framework in Frameworks */,
			);
			runOnlyForDeploymentPostprocessing = 0;
		};
		E96CB38025760757006EBF8B /* Frameworks */ = {
			isa = PBXFrameworksBuildPhase;
			buildActionMask = 2147483647;
			files = (
				50F2452A1079C94CC3773C5D /* Pods_TestCHGAdapterSwiftTests.framework in Frameworks */,
			);
			runOnlyForDeploymentPostprocessing = 0;
		};
		E96CB38B25760757006EBF8B /* Frameworks */ = {
			isa = PBXFrameworksBuildPhase;
			buildActionMask = 2147483647;
			files = (
				E5D529D4A73CBFC9E5ED4663 /* Pods_TestCHGAdapterSwift_TestCHGAdapterSwiftUITests.framework in Frameworks */,
			);
			runOnlyForDeploymentPostprocessing = 0;
		};
/* End PBXFrameworksBuildPhase section */

/* Begin PBXGroup section */
		8A3D64FC2140510D43E445CA /* Pods */ = {
			isa = PBXGroup;
			children = (
				AADF3B9880A1BF38F348111F /* Pods-TestCHGAdapterSwift.debug.xcconfig */,
				573E7F1446DA4675A0EA0431 /* Pods-TestCHGAdapterSwift.release.xcconfig */,
				42CE9328D341554A7F374AA7 /* Pods-TestCHGAdapterSwift-TestCHGAdapterSwiftUITests.debug.xcconfig */,
				D58456EDB7F17270E0FBFDFA /* Pods-TestCHGAdapterSwift-TestCHGAdapterSwiftUITests.release.xcconfig */,
				D5D247B22E59BC6776C3558B /* Pods-TestCHGAdapterSwiftTests.debug.xcconfig */,
				60A091D813FA03F264068334 /* Pods-TestCHGAdapterSwiftTests.release.xcconfig */,
			);
			path = Pods;
			sourceTree = "<group>";
		};
		947B3F63A4DCF71AFFE78A0E /* Frameworks */ = {
			isa = PBXGroup;
			children = (
				AE98CEB69D3A2EC2F4A3A0AF /* Pods_TestCHGAdapterSwift.framework */,
				649C9CBCC52BC6BB9B7B886B /* Pods_TestCHGAdapterSwift_TestCHGAdapterSwiftUITests.framework */,
				13C892BB9B9C4254E1DFC1DE /* Pods_TestCHGAdapterSwiftTests.framework */,
			);
			name = Frameworks;
			sourceTree = "<group>";
		};
		E94D053A257DFD6A0020253A /* Mine */ = {
			isa = PBXGroup;
			children = (
				E94D053B257DFD9A0020253A /* TCMineInfoBean.swift */,
			);
			path = Mine;
			sourceTree = "<group>";
		};
		E94D0540257E08AB0020253A /* Test */ = {
			isa = PBXGroup;
			children = (
				E94D0541257E08BE0020253A /* TCTTModel.swift */,
			);
			path = Test;
			sourceTree = "<group>";
		};
		E94D0555257E29160020253A /* Main */ = {
			isa = PBXGroup;
			children = (
				E94D0556257E293F0020253A /* TCMainViewController.swift */,
			);
			path = Main;
			sourceTree = "<group>";
		};
		E96CB36125760754006EBF8B = {
			isa = PBXGroup;
			children = (
				E96CB36C25760754006EBF8B /* TestCHGAdapterSwift */,
				E96CB38625760757006EBF8B /* TestCHGAdapterSwiftTests */,
				E96CB39125760757006EBF8B /* TestCHGAdapterSwiftUITests */,
				E96CB36B25760754006EBF8B /* Products */,
				8A3D64FC2140510D43E445CA /* Pods */,
				947B3F63A4DCF71AFFE78A0E /* Frameworks */,
			);
			sourceTree = "<group>";
		};
		E96CB36B25760754006EBF8B /* Products */ = {
			isa = PBXGroup;
			children = (
				E96CB36A25760754006EBF8B /* TestCHGAdapterSwift.app */,
				E96CB38325760757006EBF8B /* TestCHGAdapterSwiftTests.xctest */,
				E96CB38E25760757006EBF8B /* TestCHGAdapterSwiftUITests.xctest */,
			);
			name = Products;
			sourceTree = "<group>";
		};
		E96CB36C25760754006EBF8B /* TestCHGAdapterSwift */ = {
			isa = PBXGroup;
			children = (
				E96CB3EC2576298F006EBF8B /* Public */,
				E96CB3ED2576298F006EBF8B /* Service */,
				E96CB3BC25760CFA006EBF8B /* Classes */,
				E96CB36D25760754006EBF8B /* AppDelegate.swift */,
				E96CB37125760754006EBF8B /* ViewController.swift */,
				E96CB37325760754006EBF8B /* Main.storyboard */,
				E96CB37925760756006EBF8B /* Assets.xcassets */,
				E96CB37B25760756006EBF8B /* LaunchScreen.storyboard */,
				E96CB37E25760756006EBF8B /* Info.plist */,
				E96CB37625760754006EBF8B /* TestCHGAdapterSwift.xcdatamodeld */,
				E96CB3A925760AA9006EBF8B /* Global.swift */,
			);
			path = TestCHGAdapterSwift;
			sourceTree = "<group>";
		};
		E96CB38625760757006EBF8B /* TestCHGAdapterSwiftTests */ = {
			isa = PBXGroup;
			children = (
				E96CB38725760757006EBF8B /* TestCHGAdapterSwiftTests.swift */,
				E96CB38925760757006EBF8B /* Info.plist */,
			);
			path = TestCHGAdapterSwiftTests;
			sourceTree = "<group>";
		};
		E96CB39125760757006EBF8B /* TestCHGAdapterSwiftUITests */ = {
			isa = PBXGroup;
			children = (
				E96CB39225760757006EBF8B /* TestCHGAdapterSwiftUITests.swift */,
				E96CB39425760757006EBF8B /* Info.plist */,
			);
			path = TestCHGAdapterSwiftUITests;
			sourceTree = "<group>";
		};
		E96CB3BC25760CFA006EBF8B /* Classes */ = {
			isa = PBXGroup;
			children = (
				E9706E63257F2C7500B63362 /* Message */,
				E9706E5A257F2C2F00B63362 /* Friend */,
				E94D0555257E29160020253A /* Main */,
				E94D0540257E08AB0020253A /* Test */,
				E96CB45A25787444006EBF8B /* Login */,
				E96CB3BD25760CFA006EBF8B /* Base */,
				E96CB3BE25760CFA006EBF8B /* Menu */,
			);
			path = Classes;
			sourceTree = "<group>";
		};
		E96CB3BD25760CFA006EBF8B /* Base */ = {
			isa = PBXGroup;
			children = (
				E96CB3C225760D0E006EBF8B /* TCBaseViewController.swift */,
				E96CB3C725760D1E006EBF8B /* TCTableViewController.swift */,
				E96CB3DB2576120E006EBF8B /* TCBaseNavigationController.swift */,
				E9706E87257F6BA500B63362 /* TCBaseTableCell.swift */,
			);
			path = Base;
			sourceTree = "<group>";
		};
		E96CB3BE25760CFA006EBF8B /* Menu */ = {
			isa = PBXGroup;
			children = (
				E96CB3CC25760D31006EBF8B /* TCMenuListController.swift */,
				E96CB3D125760E6C006EBF8B /* TCMenuModel.swift */,
				E96CB3D625760FAC006EBF8B /* TCMenuTableCell.swift */,
			);
			path = Menu;
			sourceTree = "<group>";
		};
		E96CB3EC2576298F006EBF8B /* Public */ = {
			isa = PBXGroup;
			children = (
				E96CB473257893C6006EBF8B /* AppConfig */,
				E96CB4632578751E006EBF8B /* UI */,
				E96CB3FB25762E62006EBF8B /* TCUtility.swift */,
				E96CB4852578B81E006EBF8B /* TCCountryManager.swift */,
				E96CB4AC2578CAA7006EBF8B /* NSExt.swift */,
				E96CB4BB2578D719006EBF8B /* UIExt.swift */,
				E96CB4B12578CD1F006EBF8B /* SwiftExt.swift */,
				E96CB520257A0535006EBF8B /* TCAlertUtil.swift */,
				E96CB52C257A316B006EBF8B /* TCControllerRouter.swift */,
			);
			path = Public;
			sourceTree = "<group>";
		};
		E96CB3ED2576298F006EBF8B /* Service */ = {
			isa = PBXGroup;
			children = (
				E96CB43C25775D2B006EBF8B /* Model */,
				E96CB43225775C7A006EBF8B /* Bean */,
				E96CB3EE257629B7006EBF8B /* TCServiceUrl.swift */,
				E96CB3F625762AEA006EBF8B /* TCService.swift */,
				E96CB41E25772F6D006EBF8B /* TCIpModel.swift */,
				E96CB42D25775BAC006EBF8B /* TCPrivacyModel.swift */,
			);
			path = Service;
			sourceTree = "<group>";
		};
		E96CB43225775C7A006EBF8B /* Bean */ = {
			isa = PBXGroup;
			children = (
				E94D053A257DFD6A0020253A /* Mine */,
				E96CB43325775C7A006EBF8B /* Base */,
			);
			path = Bean;
			sourceTree = "<group>";
		};
		E96CB43325775C7A006EBF8B /* Base */ = {
			isa = PBXGroup;
			children = (
				E96CB43425775C9B006EBF8B /* TCBaseParams.swift */,
				E96CB45125777C9B006EBF8B /* TCNullParams.swift */,
			);
			path = Base;
			sourceTree = "<group>";
		};
		E96CB43C25775D2B006EBF8B /* Model */ = {
			isa = PBXGroup;
			children = (
				E96CB47C257893F7006EBF8B /* User */,
				E96CB43D25775D42006EBF8B /* Base */,
			);
			path = Model;
			sourceTree = "<group>";
		};
		E96CB43D25775D42006EBF8B /* Base */ = {
			isa = PBXGroup;
			children = (
				E96CB44625775EBE006EBF8B /* TCDataWraper.swift */,
				E96CB4EC2579C951006EBF8B /* TCBaseModel.swift */,
				E96CB5022579FBEB006EBF8B /* TCNullModel.swift */,
			);
			path = Base;
			sourceTree = "<group>";
		};
		E96CB45A25787444006EBF8B /* Login */ = {
			isa = PBXGroup;
			children = (
				E96CB4F12579CE92006EBF8B /* Bean */,
				E96CB4F22579CE92006EBF8B /* Model */,
				E96CB48A2578B8C9006EBF8B /* View */,
				E96CB4CB2578E073006EBF8B /* TCLoginBaseController.swift */,
				E96CB45B2578745A006EBF8B /* TCLoginViewController.swift */,
				E96CB4B62578D6C0006EBF8B /* TCVerifyCodeController.swift */,
			);
			path = Login;
			sourceTree = "<group>";
		};
		E96CB4632578751E006EBF8B /* UI */ = {
			isa = PBXGroup;
			children = (
				E96CB46425787535006EBF8B /* TCAButton.swift */,
			);
			path = UI;
			sourceTree = "<group>";
		};
		E96CB473257893C6006EBF8B /* AppConfig */ = {
			isa = PBXGroup;
			children = (
				E96CB474257893D2006EBF8B /* TCUserManager.swift */,
			);
			path = AppConfig;
			sourceTree = "<group>";
		};
		E96CB47C257893F7006EBF8B /* User */ = {
			isa = PBXGroup;
			children = (
				E96CB47D25789429006EBF8B /* TCUserModel.swift */,
			);
			path = User;
			sourceTree = "<group>";
		};
		E96CB48A2578B8C9006EBF8B /* View */ = {
			isa = PBXGroup;
			children = (
				E96CB48B2578B8E2006EBF8B /* TCCountryFlagView.swift */,
				E96CB4C32578DBF1006EBF8B /* TCUserAgreementView.swift */,
			);
			path = View;
			sourceTree = "<group>";
		};
		E96CB4F12579CE92006EBF8B /* Bean */ = {
			isa = PBXGroup;
			children = (
				E96CB4F32579CEB1006EBF8B /* TCLoginBean.swift */,
			);
			path = Bean;
			sourceTree = "<group>";
		};
		E96CB4F22579CE92006EBF8B /* Model */ = {
			isa = PBXGroup;
			children = (
				E96CB4FD2579FBBA006EBF8B /* TCVerificationModel.swift */,
			);
			path = Model;
			sourceTree = "<group>";
		};
		E9706E5A257F2C2F00B63362 /* Friend */ = {
			isa = PBXGroup;
			children = (
				E9706E83257F6AFA00B63362 /* Cell */,
				E9706E6A257F464000B63362 /* Bean */,
				E9706E69257F464000B63362 /* Model */,
				E9706E5B257F2C6400B63362 /* TCFriendListController.swift */,
			);
			path = Friend;
			sourceTree = "<group>";
		};
		E9706E63257F2C7500B63362 /* Message */ = {
			isa = PBXGroup;
			children = (
				E9706E64257F2C8300B63362 /* TCMessageListController.swift */,
			);
			path = Message;
			sourceTree = "<group>";
		};
		E9706E69257F464000B63362 /* Model */ = {
			isa = PBXGroup;
			children = (
				E9706E73257F486100B63362 /* TCFriendModel.swift */,
			);
			path = Model;
			sourceTree = "<group>";
		};
		E9706E6A257F464000B63362 /* Bean */ = {
			isa = PBXGroup;
			children = (
				E9706E6B257F47D700B63362 /* TCFriendListBean.swift */,
			);
			path = Bean;
			sourceTree = "<group>";
		};
		E9706E83257F6AFA00B63362 /* Cell */ = {
			isa = PBXGroup;
			children = (
				E9706E8C257F6BC100B63362 /* TCFriendListCell.swift */,
			);
			path = Cell;
			sourceTree = "<group>";
		};
/* End PBXGroup section */

/* Begin PBXNativeTarget section */
		E96CB36925760754006EBF8B /* TestCHGAdapterSwift */ = {
			isa = PBXNativeTarget;
			buildConfigurationList = E96CB39725760757006EBF8B /* Build configuration list for PBXNativeTarget "TestCHGAdapterSwift" */;
			buildPhases = (
				AF461DB641D472C30798D845 /* [CP] Check Pods Manifest.lock */,
				E96CB36625760754006EBF8B /* Sources */,
				E96CB36725760754006EBF8B /* Frameworks */,
				E96CB36825760754006EBF8B /* Resources */,
				6AF2A06D37E453D5B40BDF8A /* [CP] Embed Pods Frameworks */,
			);
			buildRules = (
			);
			dependencies = (
			);
			name = TestCHGAdapterSwift;
			productName = TestCHGAdapterSwift;
			productReference = E96CB36A25760754006EBF8B /* TestCHGAdapterSwift.app */;
			productType = "com.apple.product-type.application";
		};
		E96CB38225760757006EBF8B /* TestCHGAdapterSwiftTests */ = {
			isa = PBXNativeTarget;
			buildConfigurationList = E96CB39A25760757006EBF8B /* Build configuration list for PBXNativeTarget "TestCHGAdapterSwiftTests" */;
			buildPhases = (
				B2510334C792A1BA28D0F6A7 /* [CP] Check Pods Manifest.lock */,
				E96CB37F25760757006EBF8B /* Sources */,
				E96CB38025760757006EBF8B /* Frameworks */,
				E96CB38125760757006EBF8B /* Resources */,
			);
			buildRules = (
			);
			dependencies = (
				E96CB38525760757006EBF8B /* PBXTargetDependency */,
			);
			name = TestCHGAdapterSwiftTests;
			productName = TestCHGAdapterSwiftTests;
			productReference = E96CB38325760757006EBF8B /* TestCHGAdapterSwiftTests.xctest */;
			productType = "com.apple.product-type.bundle.unit-test";
		};
		E96CB38D25760757006EBF8B /* TestCHGAdapterSwiftUITests */ = {
			isa = PBXNativeTarget;
			buildConfigurationList = E96CB39D25760757006EBF8B /* Build configuration list for PBXNativeTarget "TestCHGAdapterSwiftUITests" */;
			buildPhases = (
				4C550F9A2185F6726635E98E /* [CP] Check Pods Manifest.lock */,
				E96CB38A25760757006EBF8B /* Sources */,
				E96CB38B25760757006EBF8B /* Frameworks */,
				E96CB38C25760757006EBF8B /* Resources */,
				F3F9B0E6592347E0E64BCBD8 /* [CP] Embed Pods Frameworks */,
			);
			buildRules = (
			);
			dependencies = (
				E96CB39025760757006EBF8B /* PBXTargetDependency */,
			);
			name = TestCHGAdapterSwiftUITests;
			productName = TestCHGAdapterSwiftUITests;
			productReference = E96CB38E25760757006EBF8B /* TestCHGAdapterSwiftUITests.xctest */;
			productType = "com.apple.product-type.bundle.ui-testing";
		};
/* End PBXNativeTarget section */

/* Begin PBXProject section */
		E96CB36225760754006EBF8B /* Project object */ = {
			isa = PBXProject;
			attributes = {
				LastSwiftUpdateCheck = 1220;
				LastUpgradeCheck = 1220;
				TargetAttributes = {
					E96CB36925760754006EBF8B = {
						CreatedOnToolsVersion = 12.2;
						LastSwiftMigration = 1220;
					};
					E96CB38225760757006EBF8B = {
						CreatedOnToolsVersion = 12.2;
						TestTargetID = E96CB36925760754006EBF8B;
					};
					E96CB38D25760757006EBF8B = {
						CreatedOnToolsVersion = 12.2;
						TestTargetID = E96CB36925760754006EBF8B;
					};
				};
			};
			buildConfigurationList = E96CB36525760754006EBF8B /* Build configuration list for PBXProject "TestCHGAdapterSwift" */;
			compatibilityVersion = "Xcode 9.3";
			developmentRegion = en;
			hasScannedForEncodings = 0;
			knownRegions = (
				en,
				Base,
			);
			mainGroup = E96CB36125760754006EBF8B;
			productRefGroup = E96CB36B25760754006EBF8B /* Products */;
			projectDirPath = "";
			projectRoot = "";
			targets = (
				E96CB36925760754006EBF8B /* TestCHGAdapterSwift */,
				E96CB38225760757006EBF8B /* TestCHGAdapterSwiftTests */,
				E96CB38D25760757006EBF8B /* TestCHGAdapterSwiftUITests */,
			);
		};
/* End PBXProject section */

/* Begin PBXResourcesBuildPhase section */
		E96CB36825760754006EBF8B /* Resources */ = {
			isa = PBXResourcesBuildPhase;
			buildActionMask = 2147483647;
			files = (
				E96CB37D25760756006EBF8B /* LaunchScreen.storyboard in Resources */,
				E96CB37A25760756006EBF8B /* Assets.xcassets in Resources */,
				E96CB37525760754006EBF8B /* Main.storyboard in Resources */,
			);
			runOnlyForDeploymentPostprocessing = 0;
		};
		E96CB38125760757006EBF8B /* Resources */ = {
			isa = PBXResourcesBuildPhase;
			buildActionMask = 2147483647;
			files = (
			);
			runOnlyForDeploymentPostprocessing = 0;
		};
		E96CB38C25760757006EBF8B /* Resources */ = {
			isa = PBXResourcesBuildPhase;
			buildActionMask = 2147483647;
			files = (
			);
			runOnlyForDeploymentPostprocessing = 0;
		};
/* End PBXResourcesBuildPhase section */

/* Begin PBXShellScriptBuildPhase section */
		4C550F9A2185F6726635E98E /* [CP] Check Pods Manifest.lock */ = {
			isa = PBXShellScriptBuildPhase;
			buildActionMask = 2147483647;
			files = (
			);
			inputFileListPaths = (
			);
			inputPaths = (
				"${PODS_PODFILE_DIR_PATH}/Podfile.lock",
				"${PODS_ROOT}/Manifest.lock",
			);
			name = "[CP] Check Pods Manifest.lock";
			outputFileListPaths = (
			);
			outputPaths = (
				"$(DERIVED_FILE_DIR)/Pods-TestCHGAdapterSwift-TestCHGAdapterSwiftUITests-checkManifestLockResult.txt",
			);
			runOnlyForDeploymentPostprocessing = 0;
			shellPath = /bin/sh;
			shellScript = "diff \"${PODS_PODFILE_DIR_PATH}/Podfile.lock\" \"${PODS_ROOT}/Manifest.lock\" > /dev/null\nif [ $? != 0 ] ; then\n    # print error to STDERR\n    echo \"error: The sandbox is not in sync with the Podfile.lock. Run 'pod install' or update your CocoaPods installation.\" >&2\n    exit 1\nfi\n# This output is used by Xcode 'outputs' to avoid re-running this script phase.\necho \"SUCCESS\" > \"${SCRIPT_OUTPUT_FILE_0}\"\n";
			showEnvVarsInLog = 0;
		};
		6AF2A06D37E453D5B40BDF8A /* [CP] Embed Pods Frameworks */ = {
			isa = PBXShellScriptBuildPhase;
			buildActionMask = 2147483647;
			files = (
			);
			inputFileListPaths = (
				"${PODS_ROOT}/Target Support Files/Pods-TestCHGAdapterSwift/Pods-TestCHGAdapterSwift-frameworks-${CONFIGURATION}-input-files.xcfilelist",
			);
			name = "[CP] Embed Pods Frameworks";
			outputFileListPaths = (
				"${PODS_ROOT}/Target Support Files/Pods-TestCHGAdapterSwift/Pods-TestCHGAdapterSwift-frameworks-${CONFIGURATION}-output-files.xcfilelist",
			);
			runOnlyForDeploymentPostprocessing = 0;
			shellPath = /bin/sh;
			shellScript = "\"${PODS_ROOT}/Target Support Files/Pods-TestCHGAdapterSwift/Pods-TestCHGAdapterSwift-frameworks.sh\"\n";
			showEnvVarsInLog = 0;
		};
		AF461DB641D472C30798D845 /* [CP] Check Pods Manifest.lock */ = {
			isa = PBXShellScriptBuildPhase;
			buildActionMask = 2147483647;
			files = (
			);
			inputFileListPaths = (
			);
			inputPaths = (
				"${PODS_PODFILE_DIR_PATH}/Podfile.lock",
				"${PODS_ROOT}/Manifest.lock",
			);
			name = "[CP] Check Pods Manifest.lock";
			outputFileListPaths = (
			);
			outputPaths = (
				"$(DERIVED_FILE_DIR)/Pods-TestCHGAdapterSwift-checkManifestLockResult.txt",
			);
			runOnlyForDeploymentPostprocessing = 0;
			shellPath = /bin/sh;
			shellScript = "diff \"${PODS_PODFILE_DIR_PATH}/Podfile.lock\" \"${PODS_ROOT}/Manifest.lock\" > /dev/null\nif [ $? != 0 ] ; then\n    # print error to STDERR\n    echo \"error: The sandbox is not in sync with the Podfile.lock. Run 'pod install' or update your CocoaPods installation.\" >&2\n    exit 1\nfi\n# This output is used by Xcode 'outputs' to avoid re-running this script phase.\necho \"SUCCESS\" > \"${SCRIPT_OUTPUT_FILE_0}\"\n";
			showEnvVarsInLog = 0;
		};
		B2510334C792A1BA28D0F6A7 /* [CP] Check Pods Manifest.lock */ = {
			isa = PBXShellScriptBuildPhase;
			buildActionMask = 2147483647;
			files = (
			);
			inputFileListPaths = (
			);
			inputPaths = (
				"${PODS_PODFILE_DIR_PATH}/Podfile.lock",
				"${PODS_ROOT}/Manifest.lock",
			);
			name = "[CP] Check Pods Manifest.lock";
			outputFileListPaths = (
			);
			outputPaths = (
				"$(DERIVED_FILE_DIR)/Pods-TestCHGAdapterSwiftTests-checkManifestLockResult.txt",
			);
			runOnlyForDeploymentPostprocessing = 0;
			shellPath = /bin/sh;
			shellScript = "diff \"${PODS_PODFILE_DIR_PATH}/Podfile.lock\" \"${PODS_ROOT}/Manifest.lock\" > /dev/null\nif [ $? != 0 ] ; then\n    # print error to STDERR\n    echo \"error: The sandbox is not in sync with the Podfile.lock. Run 'pod install' or update your CocoaPods installation.\" >&2\n    exit 1\nfi\n# This output is used by Xcode 'outputs' to avoid re-running this script phase.\necho \"SUCCESS\" > \"${SCRIPT_OUTPUT_FILE_0}\"\n";
			showEnvVarsInLog = 0;
		};
		F3F9B0E6592347E0E64BCBD8 /* [CP] Embed Pods Frameworks */ = {
			isa = PBXShellScriptBuildPhase;
			buildActionMask = 2147483647;
			files = (
			);
			inputFileListPaths = (
				"${PODS_ROOT}/Target Support Files/Pods-TestCHGAdapterSwift-TestCHGAdapterSwiftUITests/Pods-TestCHGAdapterSwift-TestCHGAdapterSwiftUITests-frameworks-${CONFIGURATION}-input-files.xcfilelist",
			);
			name = "[CP] Embed Pods Frameworks";
			outputFileListPaths = (
				"${PODS_ROOT}/Target Support Files/Pods-TestCHGAdapterSwift-TestCHGAdapterSwiftUITests/Pods-TestCHGAdapterSwift-TestCHGAdapterSwiftUITests-frameworks-${CONFIGURATION}-output-files.xcfilelist",
			);
			runOnlyForDeploymentPostprocessing = 0;
			shellPath = /bin/sh;
			shellScript = "\"${PODS_ROOT}/Target Support Files/Pods-TestCHGAdapterSwift-TestCHGAdapterSwiftUITests/Pods-TestCHGAdapterSwift-TestCHGAdapterSwiftUITests-frameworks.sh\"\n";
			showEnvVarsInLog = 0;
		};
/* End PBXShellScriptBuildPhase section */

/* Begin PBXSourcesBuildPhase section */
		E96CB36625760754006EBF8B /* Sources */ = {
			isa = PBXSourcesBuildPhase;
			buildActionMask = 2147483647;
			files = (
				E96CB3AA25760AA9006EBF8B /* Global.swift in Sources */,
				E96CB44725775EBE006EBF8B /* TCDataWraper.swift in Sources */,
				E9706E88257F6BA500B63362 /* TCBaseTableCell.swift in Sources */,
				E9706E74257F486100B63362 /* TCFriendModel.swift in Sources */,
				E96CB4B72578D6C0006EBF8B /* TCVerifyCodeController.swift in Sources */,
				E96CB43525775C9B006EBF8B /* TCBaseParams.swift in Sources */,
				E96CB475257893D2006EBF8B /* TCUserManager.swift in Sources */,
				E96CB4B22578CD1F006EBF8B /* SwiftExt.swift in Sources */,
				E94D0542257E08BE0020253A /* TCTTModel.swift in Sources */,
				E96CB47E25789429006EBF8B /* TCUserModel.swift in Sources */,
				E96CB3D225760E6C006EBF8B /* TCMenuModel.swift in Sources */,
				E96CB3DC2576120E006EBF8B /* TCBaseNavigationController.swift in Sources */,
				E96CB521257A0535006EBF8B /* TCAlertUtil.swift in Sources */,
				E96CB45225777C9B006EBF8B /* TCNullParams.swift in Sources */,
				E96CB37825760754006EBF8B /* TestCHGAdapterSwift.xcdatamodeld in Sources */,
				E94D0557257E293F0020253A /* TCMainViewController.swift in Sources */,
				E96CB3EF257629B7006EBF8B /* TCServiceUrl.swift in Sources */,
				E96CB42E25775BAC006EBF8B /* TCPrivacyModel.swift in Sources */,
				E9706E8D257F6BC100B63362 /* TCFriendListCell.swift in Sources */,
				E94D053C257DFD9A0020253A /* TCMineInfoBean.swift in Sources */,
				E96CB5032579FBEB006EBF8B /* TCNullModel.swift in Sources */,
				E96CB3C825760D1E006EBF8B /* TCTableViewController.swift in Sources */,
				E96CB3C325760D0E006EBF8B /* TCBaseViewController.swift in Sources */,
				E96CB3CD25760D31006EBF8B /* TCMenuListController.swift in Sources */,
				E96CB3D725760FAC006EBF8B /* TCMenuTableCell.swift in Sources */,
				E9706E5C257F2C6400B63362 /* TCFriendListController.swift in Sources */,
				E96CB4862578B81E006EBF8B /* TCCountryManager.swift in Sources */,
				E96CB4F42579CEB1006EBF8B /* TCLoginBean.swift in Sources */,
				E96CB41F25772F6D006EBF8B /* TCIpModel.swift in Sources */,
				E9706E65257F2C8300B63362 /* TCMessageListController.swift in Sources */,
				E96CB3FC25762E62006EBF8B /* TCUtility.swift in Sources */,
				E96CB52D257A316B006EBF8B /* TCControllerRouter.swift in Sources */,
				E96CB45C2578745A006EBF8B /* TCLoginViewController.swift in Sources */,
				E96CB48C2578B8E2006EBF8B /* TCCountryFlagView.swift in Sources */,
				E96CB37225760754006EBF8B /* ViewController.swift in Sources */,
				E96CB4AD2578CAA7006EBF8B /* NSExt.swift in Sources */,
				E96CB4ED2579C951006EBF8B /* TCBaseModel.swift in Sources */,
				E96CB3F725762AEA006EBF8B /* TCService.swift in Sources */,
				E96CB4CC2578E073006EBF8B /* TCLoginBaseController.swift in Sources */,
				E96CB46525787535006EBF8B /* TCAButton.swift in Sources */,
				E96CB4FE2579FBBA006EBF8B /* TCVerificationModel.swift in Sources */,
				E9706E6C257F47D700B63362 /* TCFriendListBean.swift in Sources */,
				E96CB36E25760754006EBF8B /* AppDelegate.swift in Sources */,
				E96CB4BC2578D719006EBF8B /* UIExt.swift in Sources */,
				E96CB4C42578DBF1006EBF8B /* TCUserAgreementView.swift in Sources */,
			);
			runOnlyForDeploymentPostprocessing = 0;
		};
		E96CB37F25760757006EBF8B /* Sources */ = {
			isa = PBXSourcesBuildPhase;
			buildActionMask = 2147483647;
			files = (
				E96CB38825760757006EBF8B /* TestCHGAdapterSwiftTests.swift in Sources */,
			);
			runOnlyForDeploymentPostprocessing = 0;
		};
		E96CB38A25760757006EBF8B /* Sources */ = {
			isa = PBXSourcesBuildPhase;
			buildActionMask = 2147483647;
			files = (
				E96CB39325760757006EBF8B /* TestCHGAdapterSwiftUITests.swift in Sources */,
			);
			runOnlyForDeploymentPostprocessing = 0;
		};
/* End PBXSourcesBuildPhase section */

/* Begin PBXTargetDependency section */
		E96CB38525760757006EBF8B /* PBXTargetDependency */ = {
			isa = PBXTargetDependency;
			target = E96CB36925760754006EBF8B /* TestCHGAdapterSwift */;
			targetProxy = E96CB38425760757006EBF8B /* PBXContainerItemProxy */;
		};
		E96CB39025760757006EBF8B /* PBXTargetDependency */ = {
			isa = PBXTargetDependency;
			target = E96CB36925760754006EBF8B /* TestCHGAdapterSwift */;
			targetProxy = E96CB38F25760757006EBF8B /* PBXContainerItemProxy */;
		};
/* End PBXTargetDependency section */

/* Begin PBXVariantGroup section */
		E96CB37325760754006EBF8B /* Main.storyboard */ = {
			isa = PBXVariantGroup;
			children = (
				E96CB37425760754006EBF8B /* Base */,
			);
			name = Main.storyboard;
			sourceTree = "<group>";
		};
		E96CB37B25760756006EBF8B /* LaunchScreen.storyboard */ = {
			isa = PBXVariantGroup;
			children = (
				E96CB37C25760756006EBF8B /* Base */,
			);
			name = LaunchScreen.storyboard;
			sourceTree = "<group>";
		};
/* End PBXVariantGroup section */

/* Begin XCBuildConfiguration section */
		E96CB39525760757006EBF8B /* Debug */ = {
			isa = XCBuildConfiguration;
			buildSettings = {
				ALWAYS_SEARCH_USER_PATHS = NO;
				CLANG_ANALYZER_NONNULL = YES;
				CLANG_ANALYZER_NUMBER_OBJECT_CONVERSION = YES_AGGRESSIVE;
				CLANG_CXX_LANGUAGE_STANDARD = "gnu++14";
				CLANG_CXX_LIBRARY = "libc++";
				CLANG_ENABLE_MODULES = YES;
				CLANG_ENABLE_OBJC_ARC = YES;
				CLANG_ENABLE_OBJC_WEAK = YES;
				CLANG_WARN_BLOCK_CAPTURE_AUTORELEASING = YES;
				CLANG_WARN_BOOL_CONVERSION = YES;
				CLANG_WARN_COMMA = YES;
				CLANG_WARN_CONSTANT_CONVERSION = YES;
				CLANG_WARN_DEPRECATED_OBJC_IMPLEMENTATIONS = YES;
				CLANG_WARN_DIRECT_OBJC_ISA_USAGE = YES_ERROR;
				CLANG_WARN_DOCUMENTATION_COMMENTS = YES;
				CLANG_WARN_EMPTY_BODY = YES;
				CLANG_WARN_ENUM_CONVERSION = YES;
				CLANG_WARN_INFINITE_RECURSION = YES;
				CLANG_WARN_INT_CONVERSION = YES;
				CLANG_WARN_NON_LITERAL_NULL_CONVERSION = YES;
				CLANG_WARN_OBJC_IMPLICIT_RETAIN_SELF = YES;
				CLANG_WARN_OBJC_LITERAL_CONVERSION = YES;
				CLANG_WARN_OBJC_ROOT_CLASS = YES_ERROR;
				CLANG_WARN_QUOTED_INCLUDE_IN_FRAMEWORK_HEADER = YES;
				CLANG_WARN_RANGE_LOOP_ANALYSIS = YES;
				CLANG_WARN_STRICT_PROTOTYPES = YES;
				CLANG_WARN_SUSPICIOUS_MOVE = YES;
				CLANG_WARN_UNGUARDED_AVAILABILITY = YES_AGGRESSIVE;
				CLANG_WARN_UNREACHABLE_CODE = YES;
				CLANG_WARN__DUPLICATE_METHOD_MATCH = YES;
				COPY_PHASE_STRIP = NO;
				DEBUG_INFORMATION_FORMAT = dwarf;
				ENABLE_STRICT_OBJC_MSGSEND = YES;
				ENABLE_TESTABILITY = YES;
				GCC_C_LANGUAGE_STANDARD = gnu11;
				GCC_DYNAMIC_NO_PIC = NO;
				GCC_NO_COMMON_BLOCKS = YES;
				GCC_OPTIMIZATION_LEVEL = 0;
				GCC_PREPROCESSOR_DEFINITIONS = (
					"DEBUG=1",
					"$(inherited)",
				);
				GCC_WARN_64_TO_32_BIT_CONVERSION = YES;
				GCC_WARN_ABOUT_RETURN_TYPE = YES_ERROR;
				GCC_WARN_UNDECLARED_SELECTOR = YES;
				GCC_WARN_UNINITIALIZED_AUTOS = YES_AGGRESSIVE;
				GCC_WARN_UNUSED_FUNCTION = YES;
				GCC_WARN_UNUSED_VARIABLE = YES;
				IPHONEOS_DEPLOYMENT_TARGET = 12.0;
				MTL_ENABLE_DEBUG_INFO = INCLUDE_SOURCE;
				MTL_FAST_MATH = YES;
				ONLY_ACTIVE_ARCH = YES;
				SDKROOT = iphoneos;
				SWIFT_ACTIVE_COMPILATION_CONDITIONS = DEBUG;
				SWIFT_OPTIMIZATION_LEVEL = "-Onone";
			};
			name = Debug;
		};
		E96CB39625760757006EBF8B /* Release */ = {
			isa = XCBuildConfiguration;
			buildSettings = {
				ALWAYS_SEARCH_USER_PATHS = NO;
				CLANG_ANALYZER_NONNULL = YES;
				CLANG_ANALYZER_NUMBER_OBJECT_CONVERSION = YES_AGGRESSIVE;
				CLANG_CXX_LANGUAGE_STANDARD = "gnu++14";
				CLANG_CXX_LIBRARY = "libc++";
				CLANG_ENABLE_MODULES = YES;
				CLANG_ENABLE_OBJC_ARC = YES;
				CLANG_ENABLE_OBJC_WEAK = YES;
				CLANG_WARN_BLOCK_CAPTURE_AUTORELEASING = YES;
				CLANG_WARN_BOOL_CONVERSION = YES;
				CLANG_WARN_COMMA = YES;
				CLANG_WARN_CONSTANT_CONVERSION = YES;
				CLANG_WARN_DEPRECATED_OBJC_IMPLEMENTATIONS = YES;
				CLANG_WARN_DIRECT_OBJC_ISA_USAGE = YES_ERROR;
				CLANG_WARN_DOCUMENTATION_COMMENTS = YES;
				CLANG_WARN_EMPTY_BODY = YES;
				CLANG_WARN_ENUM_CONVERSION = YES;
				CLANG_WARN_INFINITE_RECURSION = YES;
				CLANG_WARN_INT_CONVERSION = YES;
				CLANG_WARN_NON_LITERAL_NULL_CONVERSION = YES;
				CLANG_WARN_OBJC_IMPLICIT_RETAIN_SELF = YES;
				CLANG_WARN_OBJC_LITERAL_CONVERSION = YES;
				CLANG_WARN_OBJC_ROOT_CLASS = YES_ERROR;
				CLANG_WARN_QUOTED_INCLUDE_IN_FRAMEWORK_HEADER = YES;
				CLANG_WARN_RANGE_LOOP_ANALYSIS = YES;
				CLANG_WARN_STRICT_PROTOTYPES = YES;
				CLANG_WARN_SUSPICIOUS_MOVE = YES;
				CLANG_WARN_UNGUARDED_AVAILABILITY = YES_AGGRESSIVE;
				CLANG_WARN_UNREACHABLE_CODE = YES;
				CLANG_WARN__DUPLICATE_METHOD_MATCH = YES;
				COPY_PHASE_STRIP = NO;
				DEBUG_INFORMATION_FORMAT = "dwarf-with-dsym";
				ENABLE_NS_ASSERTIONS = NO;
				ENABLE_STRICT_OBJC_MSGSEND = YES;
				GCC_C_LANGUAGE_STANDARD = gnu11;
				GCC_NO_COMMON_BLOCKS = YES;
				GCC_WARN_64_TO_32_BIT_CONVERSION = YES;
				GCC_WARN_ABOUT_RETURN_TYPE = YES_ERROR;
				GCC_WARN_UNDECLARED_SELECTOR = YES;
				GCC_WARN_UNINITIALIZED_AUTOS = YES_AGGRESSIVE;
				GCC_WARN_UNUSED_FUNCTION = YES;
				GCC_WARN_UNUSED_VARIABLE = YES;
				IPHONEOS_DEPLOYMENT_TARGET = 12.0;
				MTL_ENABLE_DEBUG_INFO = NO;
				MTL_FAST_MATH = YES;
				SDKROOT = iphoneos;
				SWIFT_COMPILATION_MODE = wholemodule;
				SWIFT_OPTIMIZATION_LEVEL = "-O";
				VALIDATE_PRODUCT = YES;
			};
			name = Release;
		};
		E96CB39825760757006EBF8B /* Debug */ = {
			isa = XCBuildConfiguration;
			baseConfigurationReference = AADF3B9880A1BF38F348111F /* Pods-TestCHGAdapterSwift.debug.xcconfig */;
			buildSettings = {
				ASSETCATALOG_COMPILER_APPICON_NAME = AppIcon;
				ASSETCATALOG_COMPILER_GLOBAL_ACCENT_COLOR_NAME = AccentColor;
				CLANG_ENABLE_MODULES = YES;
				CODE_SIGN_STYLE = Automatic;
				DEVELOPMENT_TEAM = 334V4U3KT6;
				INFOPLIST_FILE = TestCHGAdapterSwift/Info.plist;
				LD_RUNPATH_SEARCH_PATHS = (
					"$(inherited)",
					"@executable_path/Frameworks",
				);
				PRODUCT_BUNDLE_IDENTIFIER = com.dnaer.english;
				PRODUCT_NAME = "$(TARGET_NAME)";
				SWIFT_OBJC_BRIDGING_HEADER = "";
				SWIFT_OPTIMIZATION_LEVEL = "-Onone";
				SWIFT_VERSION = 5.0;
				TARGETED_DEVICE_FAMILY = "1,2";
			};
			name = Debug;
		};
		E96CB39925760757006EBF8B /* Release */ = {
			isa = XCBuildConfiguration;
			baseConfigurationReference = 573E7F1446DA4675A0EA0431 /* Pods-TestCHGAdapterSwift.release.xcconfig */;
			buildSettings = {
				ASSETCATALOG_COMPILER_APPICON_NAME = AppIcon;
				ASSETCATALOG_COMPILER_GLOBAL_ACCENT_COLOR_NAME = AccentColor;
				CLANG_ENABLE_MODULES = YES;
				CODE_SIGN_STYLE = Automatic;
				DEVELOPMENT_TEAM = 334V4U3KT6;
				INFOPLIST_FILE = TestCHGAdapterSwift/Info.plist;
				LD_RUNPATH_SEARCH_PATHS = (
					"$(inherited)",
					"@executable_path/Frameworks",
				);
				PRODUCT_BUNDLE_IDENTIFIER = com.dnaer.english;
				PRODUCT_NAME = "$(TARGET_NAME)";
				SWIFT_OBJC_BRIDGING_HEADER = "";
				SWIFT_VERSION = 5.0;
				TARGETED_DEVICE_FAMILY = "1,2";
			};
			name = Release;
		};
		E96CB39B25760757006EBF8B /* Debug */ = {
			isa = XCBuildConfiguration;
			baseConfigurationReference = D5D247B22E59BC6776C3558B /* Pods-TestCHGAdapterSwiftTests.debug.xcconfig */;
			buildSettings = {
				ALWAYS_EMBED_SWIFT_STANDARD_LIBRARIES = YES;
				BUNDLE_LOADER = "$(TEST_HOST)";
				CODE_SIGN_STYLE = Automatic;
				INFOPLIST_FILE = TestCHGAdapterSwiftTests/Info.plist;
				IPHONEOS_DEPLOYMENT_TARGET = 14.2;
				LD_RUNPATH_SEARCH_PATHS = (
					"$(inherited)",
					"@executable_path/Frameworks",
					"@loader_path/Frameworks",
				);
				PRODUCT_BUNDLE_IDENTIFIER = com.TestCHGAdapterSwiftTests;
				PRODUCT_NAME = "$(TARGET_NAME)";
				SWIFT_VERSION = 5.0;
				TARGETED_DEVICE_FAMILY = "1,2";
				TEST_HOST = "$(BUILT_PRODUCTS_DIR)/TestCHGAdapterSwift.app/TestCHGAdapterSwift";
			};
			name = Debug;
		};
		E96CB39C25760757006EBF8B /* Release */ = {
			isa = XCBuildConfiguration;
			baseConfigurationReference = 60A091D813FA03F264068334 /* Pods-TestCHGAdapterSwiftTests.release.xcconfig */;
			buildSettings = {
				ALWAYS_EMBED_SWIFT_STANDARD_LIBRARIES = YES;
				BUNDLE_LOADER = "$(TEST_HOST)";
				CODE_SIGN_STYLE = Automatic;
				INFOPLIST_FILE = TestCHGAdapterSwiftTests/Info.plist;
				IPHONEOS_DEPLOYMENT_TARGET = 14.2;
				LD_RUNPATH_SEARCH_PATHS = (
					"$(inherited)",
					"@executable_path/Frameworks",
					"@loader_path/Frameworks",
				);
				PRODUCT_BUNDLE_IDENTIFIER = com.TestCHGAdapterSwiftTests;
				PRODUCT_NAME = "$(TARGET_NAME)";
				SWIFT_VERSION = 5.0;
				TARGETED_DEVICE_FAMILY = "1,2";
				TEST_HOST = "$(BUILT_PRODUCTS_DIR)/TestCHGAdapterSwift.app/TestCHGAdapterSwift";
			};
			name = Release;
		};
		E96CB39E25760757006EBF8B /* Debug */ = {
			isa = XCBuildConfiguration;
			baseConfigurationReference = 42CE9328D341554A7F374AA7 /* Pods-TestCHGAdapterSwift-TestCHGAdapterSwiftUITests.debug.xcconfig */;
			buildSettings = {
				ALWAYS_EMBED_SWIFT_STANDARD_LIBRARIES = YES;
				CODE_SIGN_STYLE = Automatic;
				INFOPLIST_FILE = TestCHGAdapterSwiftUITests/Info.plist;
				LD_RUNPATH_SEARCH_PATHS = (
					"$(inherited)",
					"@executable_path/Frameworks",
					"@loader_path/Frameworks",
				);
				PRODUCT_BUNDLE_IDENTIFIER = com.TestCHGAdapterSwiftUITests;
				PRODUCT_NAME = "$(TARGET_NAME)";
				SWIFT_VERSION = 5.0;
				TARGETED_DEVICE_FAMILY = "1,2";
				TEST_TARGET_NAME = TestCHGAdapterSwift;
			};
			name = Debug;
		};
		E96CB39F25760757006EBF8B /* Release */ = {
			isa = XCBuildConfiguration;
			baseConfigurationReference = D58456EDB7F17270E0FBFDFA /* Pods-TestCHGAdapterSwift-TestCHGAdapterSwiftUITests.release.xcconfig */;
			buildSettings = {
				ALWAYS_EMBED_SWIFT_STANDARD_LIBRARIES = YES;
				CODE_SIGN_STYLE = Automatic;
				INFOPLIST_FILE = TestCHGAdapterSwiftUITests/Info.plist;
				LD_RUNPATH_SEARCH_PATHS = (
					"$(inherited)",
					"@executable_path/Frameworks",
					"@loader_path/Frameworks",
				);
				PRODUCT_BUNDLE_IDENTIFIER = com.TestCHGAdapterSwiftUITests;
				PRODUCT_NAME = "$(TARGET_NAME)";
				SWIFT_VERSION = 5.0;
				TARGETED_DEVICE_FAMILY = "1,2";
				TEST_TARGET_NAME = TestCHGAdapterSwift;
			};
			name = Release;
		};
/* End XCBuildConfiguration section */

/* Begin XCConfigurationList section */
		E96CB36525760754006EBF8B /* Build configuration list for PBXProject "TestCHGAdapterSwift" */ = {
			isa = XCConfigurationList;
			buildConfigurations = (
				E96CB39525760757006EBF8B /* Debug */,
				E96CB39625760757006EBF8B /* Release */,
			);
			defaultConfigurationIsVisible = 0;
			defaultConfigurationName = Release;
		};
		E96CB39725760757006EBF8B /* Build configuration list for PBXNativeTarget "TestCHGAdapterSwift" */ = {
			isa = XCConfigurationList;
			buildConfigurations = (
				E96CB39825760757006EBF8B /* Debug */,
				E96CB39925760757006EBF8B /* Release */,
			);
			defaultConfigurationIsVisible = 0;
			defaultConfigurationName = Release;
		};
		E96CB39A25760757006EBF8B /* Build configuration list for PBXNativeTarget "TestCHGAdapterSwiftTests" */ = {
			isa = XCConfigurationList;
			buildConfigurations = (
				E96CB39B25760757006EBF8B /* Debug */,
				E96CB39C25760757006EBF8B /* Release */,
			);
			defaultConfigurationIsVisible = 0;
			defaultConfigurationName = Release;
		};
		E96CB39D25760757006EBF8B /* Build configuration list for PBXNativeTarget "TestCHGAdapterSwiftUITests" */ = {
			isa = XCConfigurationList;
			buildConfigurations = (
				E96CB39E25760757006EBF8B /* Debug */,
				E96CB39F25760757006EBF8B /* Release */,
			);
			defaultConfigurationIsVisible = 0;
			defaultConfigurationName = Release;
		};
/* End XCConfigurationList section */

/* Begin XCVersionGroup section */
		E96CB37625760754006EBF8B /* TestCHGAdapterSwift.xcdatamodeld */ = {
			isa = XCVersionGroup;
			children = (
				E96CB37725760754006EBF8B /* TestCHGAdapterSwift.xcdatamodel */,
			);
			currentVersion = E96CB37725760754006EBF8B /* TestCHGAdapterSwift.xcdatamodel */;
			path = TestCHGAdapterSwift.xcdatamodeld;
			sourceTree = "<group>";
			versionGroupType = wrapper.xcdatamodel;
		};
/* End XCVersionGroup section */
	};
	rootObject = E96CB36225760754006EBF8B /* Project object */;
}
